# This file is autogenerated, do not edit; changes may be undone by the next 'dep ensure'.


[[projects]]
  branch = "master"
  digest = "1:1e6c479bf315a05e736f1347500d0d328d43286c0ef60b424ecdf78a4afa0f4a"
  name = "github.com/zokypesch/proto-lib"
  packages = ["utils"]
  pruneopts = "UT"
  revision = "8b0317dee76a8667eade23f94d2de838886eecdc"

[[projects]]
  digest = "1:ff8f87e537095bf44c46b676f64f81a4f02c7d0f757d68e901599b5bf52f919d"
  name = "google.golang.org/grpc"
  packages = ["metadata"]
  pruneopts = "UT"
  revision = "142182889d38b76209f1d9f1d8e91d7608aff542"
  version = "v1.28.0"

[solve-meta]
  analyzer-name = "dep"
  analyzer-version = 1
  input-imports = ["github.com/zokypesch/proto-lib/utils"]
  solver-name = "gps-cdcl"
  solver-version = 1
